
Microsoft Visual Studio Solution File, Format Version 12.00
# Visual Studio 15
VisualStudioVersion = 15.0.28307.106
MinimumVisualStudioVersion = 10.0.40219.1
Project("{9A19103F-16F7-4668-BE54-9A1E7A4F7556}") = "DatingApp.API", "DatingApp.API.csproj", "{598F7AA6-61B5-445E-BF13-9B56855424A5}"
EndProject
Project("{9A19103F-16F7-4668-BE54-9A1E7A4F7556}") = "DatingApp-SPA", "..\DatingApp-SPA\DatingApp-SPA\DatingApp-SPA.csproj", "{9DF694AF-36AC-42B8-A84B-BECBE3C34BC5}"
EndProject
Global
	GlobalSection(SolutionConfigurationPlatforms) = preSolution
		Debug|Any CPU = Debug|Any CPU
		Release|Any CPU = Release|Any CPU
	EndGlobalSection
	GlobalSection(ProjectConfigurationPlatforms) = postSolution
		{598F7AA6-61B5-445E-BF13-9B56855424A5}.Debug|Any CPU.ActiveCfg = Debug|Any CPU
		{598F7AA6-61B5-445E-BF13-9B56855424A5}.Debug|Any CPU.Build.0 = Debug|Any CPU
		{598F7AA6-61B5-445E-BF13-9B56855424A5}.Release|Any CPU.ActiveCfg = Release|Any CPU
		{598F7AA6-61B5-445E-BF13-9B56855424A5}.Release|Any CPU.Build.0 = Release|Any CPU
		{9DF694AF-36AC-42B8-A84B-BECBE3C34BC5}.Debug|Any CPU.ActiveCfg = Debug|Any CPU
		{9DF694AF-36AC-42B8-A84B-BECBE3C34BC5}.Debug|Any CPU.Build.0 = Debug|Any CPU
		{9DF694AF-36AC-42B8-A84B-BECBE3C34BC5}.Release|Any CPU.ActiveCfg = Release|Any CPU
		{9DF694AF-36AC-42B8-A84B-BECBE3C34BC5}.Release|Any CPU.Build.0 = Release|Any CPU
	EndGlobalSection
	GlobalSection(SolutionProperties) = preSolution
		HideSolutionNode = FALSE
	EndGlobalSection
	GlobalSection(ExtensibilityGlobals) = postSolution
		SolutionGuid = {59804158-726E-4F66-8016-BAE7C351DE81}
	EndGlobalSection
EndGlobal
